
Microsoft Visual Studio Solution File, Format Version 12.00
# Visual Studio 15
VisualStudioVersion = 15.0.28010.2046
MinimumVisualStudioVersion = 10.0.40219.1
Project("{FAE04EC0-301F-11D3-BF4B-00C04F79EFBC}") = "PluralSight_Generics", "PluralSight_Generics\PluralSight_Generics.csproj", "{277D5450-C471-48DA-B4AC-9F823A11AFDC}"
EndProject
Global
	GlobalSection(SolutionConfigurationPlatforms) = preSolution
		Debug|Any CPU = Debug|Any CPU
		Release|Any CPU = Release|Any CPU
	EndGlobalSection
	GlobalSection(ProjectConfigurationPlatforms) = postSolution
		{277D5450-C471-48DA-B4AC-9F823A11AFDC}.Debug|Any CPU.ActiveCfg = Debug|Any CPU
		{277D5450-C471-48DA-B4AC-9F823A11AFDC}.Debug|Any CPU.Build.0 = Debug|Any CPU
		{277D5450-C471-48DA-B4AC-9F823A11AFDC}.Release|Any CPU.ActiveCfg = Release|Any CPU
		{277D5450-C471-48DA-B4AC-9F823A11AFDC}.Release|Any CPU.Build.0 = Release|Any CPU
	EndGlobalSection
	GlobalSection(SolutionProperties) = preSolution
		HideSolutionNode = FALSE
	EndGlobalSection
	GlobalSection(ExtensibilityGlobals) = postSolution
		SolutionGuid = {B0C23085-4D86-4B9B-974A-3F863D8747D1}
	EndGlobalSection
EndGlobal
